// !$*UTF8*$!
{
	archiveVersion = 1;
	classes = {
	};
	objectVersion = 46;
	objects = {

/* Begin PBXBuildFile section */
		5543F2581B1D301500216B23 /* AppDelegate.swift in Sources */ = {isa = PBXBuildFile; fileRef = 5543F2571B1D301500216B23 /* AppDelegate.swift */; };
		5543F25D1B1D301500216B23 /* Main.storyboard in Resources */ = {isa = PBXBuildFile; fileRef = 5543F25B1B1D301500216B23 /* Main.storyboard */; };
		5543F25F1B1D301500216B23 /* Images.xcassets in Resources */ = {isa = PBXBuildFile; fileRef = 5543F25E1B1D301500216B23 /* Images.xcassets */; };
		5543F2621B1D301500216B23 /* LaunchScreen.xib in Resources */ = {isa = PBXBuildFile; fileRef = 5543F2601B1D301500216B23 /* LaunchScreen.xib */; };
		5543F26E1B1D301500216B23 /* CfSmartTests.swift in Sources */ = {isa = PBXBuildFile; fileRef = 5543F26D1B1D301500216B23 /* CfSmartTests.swift */; };
		5543F27C1B1D308B00216B23 /* PostLogin.swift in Sources */ = {isa = PBXBuildFile; fileRef = 5543F27B1B1D308B00216B23 /* PostLogin.swift */; };
		5543F27E1B1D317C00216B23 /* PostSurvey.swift in Sources */ = {isa = PBXBuildFile; fileRef = 5543F27D1B1D317C00216B23 /* PostSurvey.swift */; };
		5543F2801B1D342500216B23 /* Settings.swift in Sources */ = {isa = PBXBuildFile; fileRef = 5543F27F1B1D342500216B23 /* Settings.swift */; };
		5543F2821B1D346500216B23 /* LoginViewController.swift in Sources */ = {isa = PBXBuildFile; fileRef = 5543F2811B1D346500216B23 /* LoginViewController.swift */; };
		5543F2841B1D349200216B23 /* MainViewController.swift in Sources */ = {isa = PBXBuildFile; fileRef = 5543F2831B1D349200216B23 /* MainViewController.swift */; };
		5543F2861B1D34E700216B23 /* SurveyViewController.swift in Sources */ = {isa = PBXBuildFile; fileRef = 5543F2851B1D34E700216B23 /* SurveyViewController.swift */; };
		55931D5C1B1F75A1004DC6BE /* MKButton.swift in Sources */ = {isa = PBXBuildFile; fileRef = 55931D551B1F75A1004DC6BE /* MKButton.swift */; };
		55931D5D1B1F75A1004DC6BE /* MKColor.swift in Sources */ = {isa = PBXBuildFile; fileRef = 55931D561B1F75A1004DC6BE /* MKColor.swift */; };
		55931D5E1B1F75A1004DC6BE /* MKImageView.swift in Sources */ = {isa = PBXBuildFile; fileRef = 55931D571B1F75A1004DC6BE /* MKImageView.swift */; };
		55931D5F1B1F75A1004DC6BE /* MKLabel.swift in Sources */ = {isa = PBXBuildFile; fileRef = 55931D581B1F75A1004DC6BE /* MKLabel.swift */; };
		55931D601B1F75A1004DC6BE /* MKLayer.swift in Sources */ = {isa = PBXBuildFile; fileRef = 55931D591B1F75A1004DC6BE /* MKLayer.swift */; };
		55931D611B1F75A1004DC6BE /* MKTableViewCell.swift in Sources */ = {isa = PBXBuildFile; fileRef = 55931D5A1B1F75A1004DC6BE /* MKTableViewCell.swift */; };
		55931D621B1F75A1004DC6BE /* MKTextField.swift in Sources */ = {isa = PBXBuildFile; fileRef = 55931D5B1B1F75A1004DC6BE /* MKTextField.swift */; };
		FD9C0D610C3130B91D3081E2 /* Pods.framework in Frameworks */ = {isa = PBXBuildFile; fileRef = 5F2B8B0DA3F136AFC327D652 /* Pods.framework */; settings = {ATTRIBUTES = (Weak, ); }; };
/* End PBXBuildFile section */

/* Begin PBXContainerItemProxy section */
		5543F2681B1D301500216B23 /* PBXContainerItemProxy */ = {
			isa = PBXContainerItemProxy;
			containerPortal = 5543F24A1B1D301500216B23 /* Project object */;
			proxyType = 1;
			remoteGlobalIDString = 5543F2511B1D301500216B23;
			remoteInfo = CfSmart;
		};
/* End PBXContainerItemProxy section */

/* Begin PBXFileReference section */
		2A6342F2F9AD4F6171E02C4A /* Pods.debug.xcconfig */ = {isa = PBXFileReference; includeInIndex = 1; lastKnownFileType = text.xcconfig; name = Pods.debug.xcconfig; path = "Pods/Target Support Files/Pods/Pods.debug.xcconfig"; sourceTree = "<group>"; };
		5543F2521B1D301500216B23 /* CfSmart.app */ = {isa = PBXFileReference; explicitFileType = wrapper.application; includeInIndex = 0; path = CfSmart.app; sourceTree = BUILT_PRODUCTS_DIR; };
		5543F2561B1D301500216B23 /* Info.plist */ = {isa = PBXFileReference; lastKnownFileType = text.plist.xml; path = Info.plist; sourceTree = "<group>"; };
		5543F2571B1D301500216B23 /* AppDelegate.swift */ = {isa = PBXFileReference; lastKnownFileType = sourcecode.swift; path = AppDelegate.swift; sourceTree = "<group>"; };
		5543F25C1B1D301500216B23 /* Base */ = {isa = PBXFileReference; lastKnownFileType = file.storyboard; name = Base; path = Base.lproj/Main.storyboard; sourceTree = "<group>"; };
		5543F25E1B1D301500216B23 /* Images.xcassets */ = {isa = PBXFileReference; lastKnownFileType = folder.assetcatalog; path = Images.xcassets; sourceTree = "<group>"; };
		5543F2611B1D301500216B23 /* Base */ = {isa = PBXFileReference; lastKnownFileType = file.xib; name = Base; path = Base.lproj/LaunchScreen.xib; sourceTree = "<group>"; };
		5543F2671B1D301500216B23 /* CfSmartTests.xctest */ = {isa = PBXFileReference; explicitFileType = wrapper.cfbundle; includeInIndex = 0; path = CfSmartTests.xctest; sourceTree = BUILT_PRODUCTS_DIR; };
		5543F26C1B1D301500216B23 /* Info.plist */ = {isa = PBXFileReference; lastKnownFileType = text.plist.xml; path = Info.plist; sourceTree = "<group>"; };
		5543F26D1B1D301500216B23 /* CfSmartTests.swift */ = {isa = PBXFileReference; lastKnownFileType = sourcecode.swift; path = CfSmartTests.swift; sourceTree = "<group>"; };
		5543F27B1B1D308B00216B23 /* PostLogin.swift */ = {isa = PBXFileReference; fileEncoding = 4; lastKnownFileType = sourcecode.swift; path = PostLogin.swift; sourceTree = "<group>"; };
		5543F27D1B1D317C00216B23 /* PostSurvey.swift */ = {isa = PBXFileReference; fileEncoding = 4; lastKnownFileType = sourcecode.swift; path = PostSurvey.swift; sourceTree = "<group>"; };
		5543F27F1B1D342500216B23 /* Settings.swift */ = {isa = PBXFileReference; fileEncoding = 4; lastKnownFileType = sourcecode.swift; path = Settings.swift; sourceTree = "<group>"; };
		5543F2811B1D346500216B23 /* LoginViewController.swift */ = {isa = PBXFileReference; fileEncoding = 4; lastKnownFileType = sourcecode.swift; path = LoginViewController.swift; sourceTree = "<group>"; };
		5543F2831B1D349200216B23 /* MainViewController.swift */ = {isa = PBXFileReference; fileEncoding = 4; lastKnownFileType = sourcecode.swift; path = MainViewController.swift; sourceTree = "<group>"; };
		5543F2851B1D34E700216B23 /* SurveyViewController.swift */ = {isa = PBXFileReference; fileEncoding = 4; lastKnownFileType = sourcecode.swift; path = SurveyViewController.swift; sourceTree = "<group>"; };
		55931D551B1F75A1004DC6BE /* MKButton.swift */ = {isa = PBXFileReference; fileEncoding = 4; lastKnownFileType = sourcecode.swift; path = MKButton.swift; sourceTree = "<group>"; };
		55931D561B1F75A1004DC6BE /* MKColor.swift */ = {isa = PBXFileReference; fileEncoding = 4; lastKnownFileType = sourcecode.swift; path = MKColor.swift; sourceTree = "<group>"; };
		55931D571B1F75A1004DC6BE /* MKImageView.swift */ = {isa = PBXFileReference; fileEncoding = 4; lastKnownFileType = sourcecode.swift; path = MKImageView.swift; sourceTree = "<group>"; };
		55931D581B1F75A1004DC6BE /* MKLabel.swift */ = {isa = PBXFileReference; fileEncoding = 4; lastKnownFileType = sourcecode.swift; path = MKLabel.swift; sourceTree = "<group>"; };
		55931D591B1F75A1004DC6BE /* MKLayer.swift */ = {isa = PBXFileReference; fileEncoding = 4; lastKnownFileType = sourcecode.swift; path = MKLayer.swift; sourceTree = "<group>"; };
		55931D5A1B1F75A1004DC6BE /* MKTableViewCell.swift */ = {isa = PBXFileReference; fileEncoding = 4; lastKnownFileType = sourcecode.swift; path = MKTableViewCell.swift; sourceTree = "<group>"; };
		55931D5B1B1F75A1004DC6BE /* MKTextField.swift */ = {isa = PBXFileReference; fileEncoding = 4; lastKnownFileType = sourcecode.swift; path = MKTextField.swift; sourceTree = "<group>"; };
		5F2B8B0DA3F136AFC327D652 /* Pods.framework */ = {isa = PBXFileReference; explicitFileType = wrapper.framework; includeInIndex = 0; path = Pods.framework; sourceTree = BUILT_PRODUCTS_DIR; };
		BE86B6D08C0FC3C7FACDB691 /* Pods.release.xcconfig */ = {isa = PBXFileReference; includeInIndex = 1; lastKnownFileType = text.xcconfig; name = Pods.release.xcconfig; path = "Pods/Target Support Files/Pods/Pods.release.xcconfig"; sourceTree = "<group>"; };
/* End PBXFileReference section */

/* Begin PBXFrameworksBuildPhase section */
		5543F24F1B1D301500216B23 /* Frameworks */ = {
			isa = PBXFrameworksBuildPhase;
			buildActionMask = 2147483647;
			files = (
				FD9C0D610C3130B91D3081E2 /* Pods.framework in Frameworks */,
			);
			runOnlyForDeploymentPostprocessing = 0;
		};
		5543F2641B1D301500216B23 /* Frameworks */ = {
			isa = PBXFrameworksBuildPhase;
			buildActionMask = 2147483647;
			files = (
			);
			runOnlyForDeploymentPostprocessing = 0;
		};
/* End PBXFrameworksBuildPhase section */

/* Begin PBXGroup section */
		4D4E7CA9966932495677B7D9 /* Pods */ = {
			isa = PBXGroup;
			children = (
				2A6342F2F9AD4F6171E02C4A /* Pods.debug.xcconfig */,
				BE86B6D08C0FC3C7FACDB691 /* Pods.release.xcconfig */,
			);
			name = Pods;
			sourceTree = "<group>";
		};
		5543F2491B1D301500216B23 = {
			isa = PBXGroup;
			children = (
				5543F2541B1D301500216B23 /* CfSmart */,
				5543F26A1B1D301500216B23 /* CfSmartTests */,
				5543F2531B1D301500216B23 /* Products */,
				4D4E7CA9966932495677B7D9 /* Pods */,
				93A37D9BA2B519589F6E6876 /* Frameworks */,
			);
			sourceTree = "<group>";
		};
		5543F2531B1D301500216B23 /* Products */ = {
			isa = PBXGroup;
			children = (
				5543F2521B1D301500216B23 /* CfSmart.app */,
				5543F2671B1D301500216B23 /* CfSmartTests.xctest */,
			);
			name = Products;
			sourceTree = "<group>";
		};
		5543F2541B1D301500216B23 /* CfSmart */ = {
			isa = PBXGroup;
			children = (
				55931D541B1F7594004DC6BE /* Utils */,
				5543F27A1B1D306E00216B23 /* adapter */,
				5543F2791B1D306600216B23 /* network */,
				5543F2781B1D306100216B23 /* model */,
				5543F2771B1D304E00216B23 /* controller */,
				5543F25B1B1D301500216B23 /* Main.storyboard */,
				5543F25E1B1D301500216B23 /* Images.xcassets */,
				5543F2551B1D301500216B23 /* Supporting Files */,
			);
			path = CfSmart;
			sourceTree = "<group>";
		};
		5543F2551B1D301500216B23 /* Supporting Files */ = {
			isa = PBXGroup;
			children = (
				5543F2571B1D301500216B23 /* AppDelegate.swift */,
				5543F2601B1D301500216B23 /* LaunchScreen.xib */,
				5543F2561B1D301500216B23 /* Info.plist */,
			);
			name = "Supporting Files";
			sourceTree = "<group>";
		};
		5543F26A1B1D301500216B23 /* CfSmartTests */ = {
			isa = PBXGroup;
			children = (
				5543F26D1B1D301500216B23 /* CfSmartTests.swift */,
				5543F26B1B1D301500216B23 /* Supporting Files */,
			);
			path = CfSmartTests;
			sourceTree = "<group>";
		};
		5543F26B1B1D301500216B23 /* Supporting Files */ = {
			isa = PBXGroup;
			children = (
				5543F26C1B1D301500216B23 /* Info.plist */,
			);
			name = "Supporting Files";
			sourceTree = "<group>";
		};
		5543F2771B1D304E00216B23 /* controller */ = {
			isa = PBXGroup;
			children = (
				5543F2811B1D346500216B23 /* LoginViewController.swift */,
				5543F2831B1D349200216B23 /* MainViewController.swift */,
				5543F2851B1D34E700216B23 /* SurveyViewController.swift */,
			);
			name = controller;
			sourceTree = "<group>";
		};
		5543F2781B1D306100216B23 /* model */ = {
			isa = PBXGroup;
			children = (
			);
			name = model;
			sourceTree = "<group>";
		};
		5543F2791B1D306600216B23 /* network */ = {
			isa = PBXGroup;
			children = (
				5543F27B1B1D308B00216B23 /* PostLogin.swift */,
				5543F27D1B1D317C00216B23 /* PostSurvey.swift */,
			);
			name = network;
			sourceTree = "<group>";
		};
		5543F27A1B1D306E00216B23 /* adapter */ = {
			isa = PBXGroup;
			children = (
				5543F27F1B1D342500216B23 /* Settings.swift */,
			);
			name = adapter;
			sourceTree = "<group>";
		};
		55931D541B1F7594004DC6BE /* Utils */ = {
			isa = PBXGroup;
			children = (
				55931D551B1F75A1004DC6BE /* MKButton.swift */,
				55931D561B1F75A1004DC6BE /* MKColor.swift */,
				55931D571B1F75A1004DC6BE /* MKImageView.swift */,
				55931D581B1F75A1004DC6BE /* MKLabel.swift */,
				55931D591B1F75A1004DC6BE /* MKLayer.swift */,
				55931D5A1B1F75A1004DC6BE /* MKTableViewCell.swift */,
				55931D5B1B1F75A1004DC6BE /* MKTextField.swift */,
			);
			name = Utils;
			sourceTree = "<group>";
		};
		93A37D9BA2B519589F6E6876 /* Frameworks */ = {
			isa = PBXGroup;
			children = (
				5F2B8B0DA3F136AFC327D652 /* Pods.framework */,
			);
			name = Frameworks;
			sourceTree = "<group>";
		};
/* End PBXGroup section */

/* Begin PBXNativeTarget section */
		5543F2511B1D301500216B23 /* CfSmart */ = {
			isa = PBXNativeTarget;
			buildConfigurationList = 5543F2711B1D301500216B23 /* Build configuration list for PBXNativeTarget "CfSmart" */;
			buildPhases = (
				6F72132C2652417D59062C12 /* Check Pods Manifest.lock */,
				5543F24E1B1D301500216B23 /* Sources */,
				5543F24F1B1D301500216B23 /* Frameworks */,
				5543F2501B1D301500216B23 /* Resources */,
				F6D1D3E756E294EF85D4A019 /* Embed Pods Frameworks */,
				2ED19397E43C209233DC96D8 /* Copy Pods Resources */,
			);
			buildRules = (
			);
			dependencies = (
			);
			name = CfSmart;
			productName = CfSmart;
			productReference = 5543F2521B1D301500216B23 /* CfSmart.app */;
			productType = "com.apple.product-type.application";
		};
		5543F2661B1D301500216B23 /* CfSmartTests */ = {
			isa = PBXNativeTarget;
			buildConfigurationList = 5543F2741B1D301500216B23 /* Build configuration list for PBXNativeTarget "CfSmartTests" */;
			buildPhases = (
				5543F2631B1D301500216B23 /* Sources */,
				5543F2641B1D301500216B23 /* Frameworks */,
				5543F2651B1D301500216B23 /* Resources */,
			);
			buildRules = (
			);
			dependencies = (
				5543F2691B1D301500216B23 /* PBXTargetDependency */,
			);
			name = CfSmartTests;
			productName = CfSmartTests;
			productReference = 5543F2671B1D301500216B23 /* CfSmartTests.xctest */;
			productType = "com.apple.product-type.bundle.unit-test";
		};
/* End PBXNativeTarget section */

/* Begin PBXProject section */
		5543F24A1B1D301500216B23 /* Project object */ = {
			isa = PBXProject;
			attributes = {
				LastUpgradeCheck = 0630;
				ORGANIZATIONNAME = "meeratech. Inc";
				TargetAttributes = {
					5543F2511B1D301500216B23 = {
						CreatedOnToolsVersion = 6.3.2;
					};
					5543F2661B1D301500216B23 = {
						CreatedOnToolsVersion = 6.3.2;
						TestTargetID = 5543F2511B1D301500216B23;
					};
				};
			};
			buildConfigurationList = 5543F24D1B1D301500216B23 /* Build configuration list for PBXProject "CfSmart" */;
			compatibilityVersion = "Xcode 3.2";
			developmentRegion = English;
			hasScannedForEncodings = 0;
			knownRegions = (
				en,
				Base,
			);
			mainGroup = 5543F2491B1D301500216B23;
			productRefGroup = 5543F2531B1D301500216B23 /* Products */;
			projectDirPath = "";
			projectRoot = "";
			targets = (
				5543F2511B1D301500216B23 /* CfSmart */,
				5543F2661B1D301500216B23 /* CfSmartTests */,
			);
		};
/* End PBXProject section */

/* Begin PBXResourcesBuildPhase section */
		5543F2501B1D301500216B23 /* Resources */ = {
			isa = PBXResourcesBuildPhase;
			buildActionMask = 2147483647;
			files = (
				5543F25D1B1D301500216B23 /* Main.storyboard in Resources */,
				5543F2621B1D301500216B23 /* LaunchScreen.xib in Resources */,
				5543F25F1B1D301500216B23 /* Images.xcassets in Resources */,
			);
			runOnlyForDeploymentPostprocessing = 0;
		};
		5543F2651B1D301500216B23 /* Resources */ = {
			isa = PBXResourcesBuildPhase;
			buildActionMask = 2147483647;
			files = (
			);
			runOnlyForDeploymentPostprocessing = 0;
		};
/* End PBXResourcesBuildPhase section */

/* Begin PBXShellScriptBuildPhase section */
		2ED19397E43C209233DC96D8 /* Copy Pods Resources */ = {
			isa = PBXShellScriptBuildPhase;
			buildActionMask = 2147483647;
			files = (
			);
			inputPaths = (
			);
			name = "Copy Pods Resources";
			outputPaths = (
			);
			runOnlyForDeploymentPostprocessing = 0;
			shellPath = /bin/sh;
			shellScript = "\"${SRCROOT}/Pods/Target Support Files/Pods/Pods-resources.sh\"\n";
			showEnvVarsInLog = 0;
		};
		6F72132C2652417D59062C12 /* Check Pods Manifest.lock */ = {
			isa = PBXShellScriptBuildPhase;
			buildActionMask = 2147483647;
			files = (
			);
			inputPaths = (
			);
			name = "Check Pods Manifest.lock";
			outputPaths = (
			);
			runOnlyForDeploymentPostprocessing = 0;
			shellPath = /bin/sh;
			shellScript = "diff \"${PODS_ROOT}/../Podfile.lock\" \"${PODS_ROOT}/Manifest.lock\" > /dev/null\nif [[ $? != 0 ]] ; then\n    cat << EOM\nerror: The sandbox is not in sync with the Podfile.lock. Run 'pod install' or update your CocoaPods installation.\nEOM\n    exit 1\nfi\n";
			showEnvVarsInLog = 0;
		};
		F6D1D3E756E294EF85D4A019 /* Embed Pods Frameworks */ = {
			isa = PBXShellScriptBuildPhase;
			buildActionMask = 2147483647;
			files = (
			);
			inputPaths = (
			);
			name = "Embed Pods Frameworks";
			outputPaths = (
			);
			runOnlyForDeploymentPostprocessing = 0;
			shellPath = /bin/sh;
			shellScript = "\"${SRCROOT}/Pods/Target Support Files/Pods/Pods-frameworks.sh\"\n";
			showEnvVarsInLog = 0;
		};
/* End PBXShellScriptBuildPhase section */

/* Begin PBXSourcesBuildPhase section */
		5543F24E1B1D301500216B23 /* Sources */ = {
			isa = PBXSourcesBuildPhase;
			buildActionMask = 2147483647;
			files = (
				5543F2581B1D301500216B23 /* AppDelegate.swift in Sources */,
				55931D601B1F75A1004DC6BE /* MKLayer.swift in Sources */,
				55931D611B1F75A1004DC6BE /* MKTableViewCell.swift in Sources */,
				5543F2861B1D34E700216B23 /* SurveyViewController.swift in Sources */,
				5543F27E1B1D317C00216B23 /* PostSurvey.swift in Sources */,
				55931D5D1B1F75A1004DC6BE /* MKColor.swift in Sources */,
				5543F2801B1D342500216B23 /* Settings.swift in Sources */,
				5543F2841B1D349200216B23 /* MainViewController.swift in Sources */,
				55931D5E1B1F75A1004DC6BE /* MKImageView.swift in Sources */,
				55931D621B1F75A1004DC6BE /* MKTextField.swift in Sources */,
				55931D5F1B1F75A1004DC6BE /* MKLabel.swift in Sources */,
				55931D5C1B1F75A1004DC6BE /* MKButton.swift in Sources */,
				5543F2821B1D346500216B23 /* LoginViewController.swift in Sources */,
				5543F27C1B1D308B00216B23 /* PostLogin.swift in Sources */,
			);
			runOnlyForDeploymentPostprocessing = 0;
		};
		5543F2631B1D301500216B23 /* Sources */ = {
			isa = PBXSourcesBuildPhase;
			buildActionMask = 2147483647;
			files = (
				5543F26E1B1D301500216B23 /* CfSmartTests.swift in Sources */,
			);
			runOnlyForDeploymentPostprocessing = 0;
		};
/* End PBXSourcesBuildPhase section */

/* Begin PBXTargetDependency section */
		5543F2691B1D301500216B23 /* PBXTargetDependency */ = {
			isa = PBXTargetDependency;
			target = 5543F2511B1D301500216B23 /* CfSmart */;
			targetProxy = 5543F2681B1D301500216B23 /* PBXContainerItemProxy */;
		};
/* End PBXTargetDependency section */

/* Begin PBXVariantGroup section */
		5543F25B1B1D301500216B23 /* Main.storyboard */ = {
			isa = PBXVariantGroup;
			children = (
				5543F25C1B1D301500216B23 /* Base */,
			);
			name = Main.storyboard;
			sourceTree = "<group>";
		};
		5543F2601B1D301500216B23 /* LaunchScreen.xib */ = {
			isa = PBXVariantGroup;
			children = (
				5543F2611B1D301500216B23 /* Base */,
			);
			name = LaunchScreen.xib;
			sourceTree = "<group>";
		};
/* End PBXVariantGroup section */

/* Begin XCBuildConfiguration section */
		5543F26F1B1D301500216B23 /* Debug */ = {
			isa = XCBuildConfiguration;
			buildSettings = {
				ALWAYS_SEARCH_USER_PATHS = NO;
				CLANG_CXX_LANGUAGE_STANDARD = "gnu++0x";
				CLANG_CXX_LIBRARY = "libc++";
				CLANG_ENABLE_MODULES = YES;
				CLANG_ENABLE_OBJC_ARC = YES;
				CLANG_WARN_BOOL_CONVERSION = YES;
				CLANG_WARN_CONSTANT_CONVERSION = YES;
				CLANG_WARN_DIRECT_OBJC_ISA_USAGE = YES_ERROR;
				CLANG_WARN_EMPTY_BODY = YES;
				CLANG_WARN_ENUM_CONVERSION = YES;
				CLANG_WARN_INT_CONVERSION = YES;
				CLANG_WARN_OBJC_ROOT_CLASS = YES_ERROR;
				CLANG_WARN_UNREACHABLE_CODE = YES;
				CLANG_WARN__DUPLICATE_METHOD_MATCH = YES;
				"CODE_SIGN_IDENTITY[sdk=iphoneos*]" = "iPhone Developer";
				COPY_PHASE_STRIP = NO;
				DEBUG_INFORMATION_FORMAT = "dwarf-with-dsym";
				ENABLE_STRICT_OBJC_MSGSEND = YES;
				GCC_C_LANGUAGE_STANDARD = gnu99;
				GCC_DYNAMIC_NO_PIC = NO;
				GCC_NO_COMMON_BLOCKS = YES;
				GCC_OPTIMIZATION_LEVEL = 0;
				GCC_PREPROCESSOR_DEFINITIONS = (
					"DEBUG=1",
					"$(inherited)",
				);
				GCC_SYMBOLS_PRIVATE_EXTERN = NO;
				GCC_WARN_64_TO_32_BIT_CONVERSION = YES;
				GCC_WARN_ABOUT_RETURN_TYPE = YES_ERROR;
				GCC_WARN_UNDECLARED_SELECTOR = YES;
				GCC_WARN_UNINITIALIZED_AUTOS = YES_AGGRESSIVE;
				GCC_WARN_UNUSED_FUNCTION = YES;
				GCC_WARN_UNUSED_VARIABLE = YES;
				IPHONEOS_DEPLOYMENT_TARGET = 8.3;
				MTL_ENABLE_DEBUG_INFO = YES;
				ONLY_ACTIVE_ARCH = YES;
				SDKROOT = iphoneos;
				SWIFT_OPTIMIZATION_LEVEL = "-Onone";
			};
			name = Debug;
		};
		5543F2701B1D301500216B23 /* Release */ = {
			isa = XCBuildConfiguration;
			buildSettings = {
				ALWAYS_SEARCH_USER_PATHS = NO;
				CLANG_CXX_LANGUAGE_STANDARD = "gnu++0x";
				CLANG_CXX_LIBRARY = "libc++";
				CLANG_ENABLE_MODULES = YES;
				CLANG_ENABLE_OBJC_ARC = YES;
				CLANG_WARN_BOOL_CONVERSION = YES;
				CLANG_WARN_CONSTANT_CONVERSION = YES;
				CLANG_WARN_DIRECT_OBJC_ISA_USAGE = YES_ERROR;
				CLANG_WARN_EMPTY_BODY = YES;
				CLANG_WARN_ENUM_CONVERSION = YES;
				CLANG_WARN_INT_CONVERSION = YES;
				CLANG_WARN_OBJC_ROOT_CLASS = YES_ERROR;
				CLANG_WARN_UNREACHABLE_CODE = YES;
				CLANG_WARN__DUPLICATE_METHOD_MATCH = YES;
				"CODE_SIGN_IDENTITY[sdk=iphoneos*]" = "iPhone Developer";
				COPY_PHASE_STRIP = NO;
				DEBUG_INFORMATION_FORMAT = "dwarf-with-dsym";
				ENABLE_NS_ASSERTIONS = NO;
				ENABLE_STRICT_OBJC_MSGSEND = YES;
				GCC_C_LANGUAGE_STANDARD = gnu99;
				GCC_NO_COMMON_BLOCKS = YES;
				GCC_WARN_64_TO_32_BIT_CONVERSION = YES;
				GCC_WARN_ABOUT_RETURN_TYPE = YES_ERROR;
				GCC_WARN_UNDECLARED_SELECTOR = YES;
				GCC_WARN_UNINITIALIZED_AUTOS = YES_AGGRESSIVE;
				GCC_WARN_UNUSED_FUNCTION = YES;
				GCC_WARN_UNUSED_VARIABLE = YES;
				IPHONEOS_DEPLOYMENT_TARGET = 8.3;
				MTL_ENABLE_DEBUG_INFO = NO;
				SDKROOT = iphoneos;
				VALIDATE_PRODUCT = YES;
			};
			name = Release;
		};
		5543F2721B1D301500216B23 /* Debug */ = {
			isa = XCBuildConfiguration;
			baseConfigurationReference = 2A6342F2F9AD4F6171E02C4A /* Pods.debug.xcconfig */;
			buildSettings = {
				ASSETCATALOG_COMPILER_APPICON_NAME = AppIcon;
				INFOPLIST_FILE = CfSmart/Info.plist;
				IPHONEOS_DEPLOYMENT_TARGET = 8.2;
				LD_RUNPATH_SEARCH_PATHS = "$(inherited) @executable_path/Frameworks";
				PRODUCT_NAME = "$(TARGET_NAME)";
			};
			name = Debug;
		};
		5543F2731B1D301500216B23 /* Release */ = {
			isa = XCBuildConfiguration;
			baseConfigurationReference = BE86B6D08C0FC3C7FACDB691 /* Pods.release.xcconfig */;
			buildSettings = {
				ASSETCATALOG_COMPILER_APPICON_NAME = AppIcon;
				INFOPLIST_FILE = CfSmart/Info.plist;
				IPHONEOS_DEPLOYMENT_TARGET = 8.2;
				LD_RUNPATH_SEARCH_PATHS = "$(inherited) @executable_path/Frameworks";
				PRODUCT_NAME = "$(TARGET_NAME)";
			};
			name = Release;
		};
		5543F2751B1D301500216B23 /* Debug */ = {
			isa = XCBuildConfiguration;
			buildSettings = {
				BUNDLE_LOADER = "$(TEST_HOST)";
				FRAMEWORK_SEARCH_PATHS = (
					"$(SDKROOT)/Developer/Library/Frameworks",
					"$(inherited)",
				);
				GCC_PREPROCESSOR_DEFINITIONS = (
					"DEBUG=1",
					"$(inherited)",
				);
				INFOPLIST_FILE = CfSmartTests/Info.plist;
				LD_RUNPATH_SEARCH_PATHS = "$(inherited) @executable_path/Frameworks @loader_path/Frameworks";
				PRODUCT_NAME = "$(TARGET_NAME)";
				TEST_HOST = "$(BUILT_PRODUCTS_DIR)/CfSmart.app/CfSmart";
			};
			name = Debug;
		};
		5543F2761B1D301500216B23 /* Release */ = {
			isa = XCBuildConfiguration;
			buildSettings = {
				BUNDLE_LOADER = "$(TEST_HOST)";
				FRAMEWORK_SEARCH_PATHS = (
					"$(SDKROOT)/Developer/Library/Frameworks",
					"$(inherited)",
				);
				INFOPLIST_FILE = CfSmartTests/Info.plist;
				LD_RUNPATH_SEARCH_PATHS = "$(inherited) @executable_path/Frameworks @loader_path/Frameworks";
				PRODUCT_NAME = "$(TARGET_NAME)";
				TEST_HOST = "$(BUILT_PRODUCTS_DIR)/CfSmart.app/CfSmart";
			};
			name = Release;
		};
/* End XCBuildConfiguration section */

/* Begin XCConfigurationList section */
		5543F24D1B1D301500216B23 /* Build configuration list for PBXProject "CfSmart" */ = {
			isa = XCConfigurationList;
			buildConfigurations = (
				5543F26F1B1D301500216B23 /* Debug */,
				5543F2701B1D301500216B23 /* Release */,
			);
			defaultConfigurationIsVisible = 0;
			defaultConfigurationName = Release;
		};
		5543F2711B1D301500216B23 /* Build configuration list for PBXNativeTarget "CfSmart" */ = {
			isa = XCConfigurationList;
			buildConfigurations = (
				5543F2721B1D301500216B23 /* Debug */,
				5543F2731B1D301500216B23 /* Release */,
			);
			defaultConfigurationIsVisible = 0;
			defaultConfigurationName = Release;
		};
		5543F2741B1D301500216B23 /* Build configuration list for PBXNativeTarget "CfSmartTests" */ = {
			isa = XCConfigurationList;
			buildConfigurations = (
				5543F2751B1D301500216B23 /* Debug */,
				5543F2761B1D301500216B23 /* Release */,
			);
			defaultConfigurationIsVisible = 0;
			defaultConfigurationName = Release;
		};
/* End XCConfigurationList section */
	};
	rootObject = 5543F24A1B1D301500216B23 /* Project object */;
}
